// !$*UTF8*$!
{
	archiveVersion = 1;
	classes = {
	};
	objectVersion = 51;
	objects = {

/* Begin PBXBuildFile section */
		1915CF298952B115B565F616 /* libPods-QiDian.a in Frameworks */ = {isa = PBXBuildFile; fileRef = CA6B800886098108942EF217 /* libPods-QiDian.a */; };
		8378BDF92505E25D0060479D /* AppDelegate.m in Sources */ = {isa = PBXBuildFile; fileRef = 8378BDF82505E25D0060479D /* AppDelegate.m */; };
		8378BE042505E2600060479D /* Assets.xcassets in Resources */ = {isa = PBXBuildFile; fileRef = 8378BE032505E2600060479D /* Assets.xcassets */; };
		8378BE072505E2600060479D /* LaunchScreen.storyboard in Resources */ = {isa = PBXBuildFile; fileRef = 8378BE052505E2600060479D /* LaunchScreen.storyboard */; };
		8378BE0A2505E2600060479D /* main.m in Sources */ = {isa = PBXBuildFile; fileRef = 8378BE092505E2600060479D /* main.m */; };
		8378BE142505E2610060479D /* QiDianUITests.m in Sources */ = {isa = PBXBuildFile; fileRef = 8378BE132505E2610060479D /* QiDianUITests.m */; };
		8378BE212505E7340060479D /* QDTabBarViewController.m in Sources */ = {isa = PBXBuildFile; fileRef = 8378BE202505E7340060479D /* QDTabBarViewController.m */; };
		8378BE242505E7700060479D /* QDTabBarItem.m in Sources */ = {isa = PBXBuildFile; fileRef = 8378BE232505E7700060479D /* QDTabBarItem.m */; };
		8378BE282506029D0060479D /* QDTabBarPreLoad.m in Sources */ = {isa = PBXBuildFile; fileRef = 8378BE272506029D0060479D /* QDTabBarPreLoad.m */; };
		83ABFA242506089700722E4C /* QDDataViewController.m in Sources */ = {isa = PBXBuildFile; fileRef = 83ABFA232506089700722E4C /* QDDataViewController.m */; };
		83ABFA282506208300722E4C /* UIColor+RGB.m in Sources */ = {isa = PBXBuildFile; fileRef = 83ABFA272506208300722E4C /* UIColor+RGB.m */; };
		83ABFA2E2506299300722E4C /* QDDataTableHeaderView.m in Sources */ = {isa = PBXBuildFile; fileRef = 83ABFA2D2506299300722E4C /* QDDataTableHeaderView.m */; };
		83ABFA3625066DDA00722E4C /* QDDataTongJiView.m in Sources */ = {isa = PBXBuildFile; fileRef = 83ABFA3525066DDA00722E4C /* QDDataTongJiView.m */; };
		83ABFA392506758400722E4C /* UIButton+QDExtand.m in Sources */ = {isa = PBXBuildFile; fileRef = 83ABFA382506758400722E4C /* UIButton+QDExtand.m */; };
		83ABFA3C2506765E00722E4C /* FTKMethodSwizzle.m in Sources */ = {isa = PBXBuildFile; fileRef = 83ABFA3B2506765E00722E4C /* FTKMethodSwizzle.m */; };
		83ABFA432507799900722E4C /* QDDataTableViewCell.m in Sources */ = {isa = PBXBuildFile; fileRef = 83ABFA412507799900722E4C /* QDDataTableViewCell.m */; };
		83ABFA442507799900722E4C /* QDDataTableViewCell.xib in Resources */ = {isa = PBXBuildFile; fileRef = 83ABFA422507799900722E4C /* QDDataTableViewCell.xib */; };
		83ABFA472507851600722E4C /* QDKaoHeHeaderView.m in Sources */ = {isa = PBXBuildFile; fileRef = 83ABFA462507851600722E4C /* QDKaoHeHeaderView.m */; };
		83ABFA4C2507A96200722E4C /* QDMineViewController.m in Sources */ = {isa = PBXBuildFile; fileRef = 83ABFA4A2507A96200722E4C /* QDMineViewController.m */; };
		83ABFA4D2507A96200722E4C /* QDMineViewController.xib in Resources */ = {isa = PBXBuildFile; fileRef = 83ABFA4B2507A96200722E4C /* QDMineViewController.xib */; };
		83ABFA512508602F00722E4C /* QDHomePageViewController.m in Sources */ = {isa = PBXBuildFile; fileRef = 83ABFA4F2508602F00722E4C /* QDHomePageViewController.m */; };
		83ABFA522508602F00722E4C /* QDHomePageViewController.xib in Resources */ = {isa = PBXBuildFile; fileRef = 83ABFA502508602F00722E4C /* QDHomePageViewController.xib */; };
/* End PBXBuildFile section */

/* Begin PBXContainerItemProxy section */
		8378BE102505E2610060479D /* PBXContainerItemProxy */ = {
			isa = PBXContainerItemProxy;
			containerPortal = 8378BDEC2505E25D0060479D /* Project object */;
			proxyType = 1;
			remoteGlobalIDString = 8378BDF32505E25D0060479D;
			remoteInfo = QiDian;
		};
/* End PBXContainerItemProxy section */

/* Begin PBXFileReference section */
		4FDC9531F20A4A49FD0E64EB /* Pods-QiDian.debug.xcconfig */ = {isa = PBXFileReference; includeInIndex = 1; lastKnownFileType = text.xcconfig; name = "Pods-QiDian.debug.xcconfig"; path = "Target Support Files/Pods-QiDian/Pods-QiDian.debug.xcconfig"; sourceTree = "<group>"; };
		8378BDF42505E25D0060479D /* QiDian.app */ = {isa = PBXFileReference; explicitFileType = wrapper.application; includeInIndex = 0; path = QiDian.app; sourceTree = BUILT_PRODUCTS_DIR; };
		8378BDF72505E25D0060479D /* AppDelegate.h */ = {isa = PBXFileReference; lastKnownFileType = sourcecode.c.h; path = AppDelegate.h; sourceTree = "<group>"; };
		8378BDF82505E25D0060479D /* AppDelegate.m */ = {isa = PBXFileReference; lastKnownFileType = sourcecode.c.objc; path = AppDelegate.m; sourceTree = "<group>"; };
		8378BE032505E2600060479D /* Assets.xcassets */ = {isa = PBXFileReference; lastKnownFileType = folder.assetcatalog; path = Assets.xcassets; sourceTree = "<group>"; };
		8378BE062505E2600060479D /* Base */ = {isa = PBXFileReference; lastKnownFileType = file.storyboard; name = Base; path = Base.lproj/LaunchScreen.storyboard; sourceTree = "<group>"; };
		8378BE082505E2600060479D /* Info.plist */ = {isa = PBXFileReference; lastKnownFileType = text.plist.xml; path = Info.plist; sourceTree = "<group>"; };
		8378BE092505E2600060479D /* main.m */ = {isa = PBXFileReference; lastKnownFileType = sourcecode.c.objc; path = main.m; sourceTree = "<group>"; };
		8378BE0F2505E2610060479D /* QiDianUITests.xctest */ = {isa = PBXFileReference; explicitFileType = wrapper.cfbundle; includeInIndex = 0; path = QiDianUITests.xctest; sourceTree = BUILT_PRODUCTS_DIR; };
		8378BE132505E2610060479D /* QiDianUITests.m */ = {isa = PBXFileReference; lastKnownFileType = sourcecode.c.objc; path = QiDianUITests.m; sourceTree = "<group>"; };
		8378BE152505E2610060479D /* Info.plist */ = {isa = PBXFileReference; lastKnownFileType = text.plist.xml; path = Info.plist; sourceTree = "<group>"; };
		8378BE1F2505E7340060479D /* QDTabBarViewController.h */ = {isa = PBXFileReference; lastKnownFileType = sourcecode.c.h; path = QDTabBarViewController.h; sourceTree = "<group>"; };
		8378BE202505E7340060479D /* QDTabBarViewController.m */ = {isa = PBXFileReference; lastKnownFileType = sourcecode.c.objc; path = QDTabBarViewController.m; sourceTree = "<group>"; };
		8378BE222505E7700060479D /* QDTabBarItem.h */ = {isa = PBXFileReference; lastKnownFileType = sourcecode.c.h; path = QDTabBarItem.h; sourceTree = "<group>"; };
		8378BE232505E7700060479D /* QDTabBarItem.m */ = {isa = PBXFileReference; lastKnownFileType = sourcecode.c.objc; path = QDTabBarItem.m; sourceTree = "<group>"; };
		8378BE262506029D0060479D /* QDTabBarPreLoad.h */ = {isa = PBXFileReference; lastKnownFileType = sourcecode.c.h; path = QDTabBarPreLoad.h; sourceTree = "<group>"; };
		8378BE272506029D0060479D /* QDTabBarPreLoad.m */ = {isa = PBXFileReference; lastKnownFileType = sourcecode.c.objc; path = QDTabBarPreLoad.m; sourceTree = "<group>"; };
		83ABFA222506089700722E4C /* QDDataViewController.h */ = {isa = PBXFileReference; lastKnownFileType = sourcecode.c.h; path = QDDataViewController.h; sourceTree = "<group>"; };
		83ABFA232506089700722E4C /* QDDataViewController.m */ = {isa = PBXFileReference; lastKnownFileType = sourcecode.c.objc; path = QDDataViewController.m; sourceTree = "<group>"; };
		83ABFA262506208300722E4C /* UIColor+RGB.h */ = {isa = PBXFileReference; lastKnownFileType = sourcecode.c.h; path = "UIColor+RGB.h"; sourceTree = "<group>"; };
		83ABFA272506208300722E4C /* UIColor+RGB.m */ = {isa = PBXFileReference; lastKnownFileType = sourcecode.c.objc; path = "UIColor+RGB.m"; sourceTree = "<group>"; };
		83ABFA2A2506253A00722E4C /* QDAppMacro.h */ = {isa = PBXFileReference; lastKnownFileType = sourcecode.c.h; path = QDAppMacro.h; sourceTree = "<group>"; };
		83ABFA2C2506299300722E4C /* QDDataTableHeaderView.h */ = {isa = PBXFileReference; lastKnownFileType = sourcecode.c.h; path = QDDataTableHeaderView.h; sourceTree = "<group>"; };
		83ABFA2D2506299300722E4C /* QDDataTableHeaderView.m */ = {isa = PBXFileReference; lastKnownFileType = sourcecode.c.objc; path = QDDataTableHeaderView.m; sourceTree = "<group>"; };
		83ABFA3425066DDA00722E4C /* QDDataTongJiView.h */ = {isa = PBXFileReference; lastKnownFileType = sourcecode.c.h; path = QDDataTongJiView.h; sourceTree = "<group>"; };
		83ABFA3525066DDA00722E4C /* QDDataTongJiView.m */ = {isa = PBXFileReference; lastKnownFileType = sourcecode.c.objc; path = QDDataTongJiView.m; sourceTree = "<group>"; };
		83ABFA372506758400722E4C /* UIButton+QDExtand.h */ = {isa = PBXFileReference; lastKnownFileType = sourcecode.c.h; path = "UIButton+QDExtand.h"; sourceTree = "<group>"; };
		83ABFA382506758400722E4C /* UIButton+QDExtand.m */ = {isa = PBXFileReference; lastKnownFileType = sourcecode.c.objc; path = "UIButton+QDExtand.m"; sourceTree = "<group>"; };
		83ABFA3A2506765E00722E4C /* FTKMethodSwizzle.h */ = {isa = PBXFileReference; fileEncoding = 4; lastKnownFileType = sourcecode.c.h; path = FTKMethodSwizzle.h; sourceTree = "<group>"; };
		83ABFA3B2506765E00722E4C /* FTKMethodSwizzle.m */ = {isa = PBXFileReference; fileEncoding = 4; lastKnownFileType = sourcecode.c.objc; path = FTKMethodSwizzle.m; sourceTree = "<group>"; };
		83ABFA402507799900722E4C /* QDDataTableViewCell.h */ = {isa = PBXFileReference; lastKnownFileType = sourcecode.c.h; path = QDDataTableViewCell.h; sourceTree = "<group>"; };
		83ABFA412507799900722E4C /* QDDataTableViewCell.m */ = {isa = PBXFileReference; lastKnownFileType = sourcecode.c.objc; path = QDDataTableViewCell.m; sourceTree = "<group>"; };
		83ABFA422507799900722E4C /* QDDataTableViewCell.xib */ = {isa = PBXFileReference; lastKnownFileType = file.xib; path = QDDataTableViewCell.xib; sourceTree = "<group>"; };
		83ABFA452507851600722E4C /* QDKaoHeHeaderView.h */ = {isa = PBXFileReference; lastKnownFileType = sourcecode.c.h; path = QDKaoHeHeaderView.h; sourceTree = "<group>"; };
		83ABFA462507851600722E4C /* QDKaoHeHeaderView.m */ = {isa = PBXFileReference; lastKnownFileType = sourcecode.c.objc; path = QDKaoHeHeaderView.m; sourceTree = "<group>"; };
		83ABFA492507A96200722E4C /* QDMineViewController.h */ = {isa = PBXFileReference; lastKnownFileType = sourcecode.c.h; path = QDMineViewController.h; sourceTree = "<group>"; };
		83ABFA4A2507A96200722E4C /* QDMineViewController.m */ = {isa = PBXFileReference; lastKnownFileType = sourcecode.c.objc; path = QDMineViewController.m; sourceTree = "<group>"; };
		83ABFA4B2507A96200722E4C /* QDMineViewController.xib */ = {isa = PBXFileReference; lastKnownFileType = file.xib; path = QDMineViewController.xib; sourceTree = "<group>"; };
		83ABFA4E2508602F00722E4C /* QDHomePageViewController.h */ = {isa = PBXFileReference; lastKnownFileType = sourcecode.c.h; path = QDHomePageViewController.h; sourceTree = "<group>"; };
		83ABFA4F2508602F00722E4C /* QDHomePageViewController.m */ = {isa = PBXFileReference; lastKnownFileType = sourcecode.c.objc; path = QDHomePageViewController.m; sourceTree = "<group>"; };
		83ABFA502508602F00722E4C /* QDHomePageViewController.xib */ = {isa = PBXFileReference; lastKnownFileType = file.xib; path = QDHomePageViewController.xib; sourceTree = "<group>"; };
		CA6B800886098108942EF217 /* libPods-QiDian.a */ = {isa = PBXFileReference; explicitFileType = archive.ar; includeInIndex = 0; path = "libPods-QiDian.a"; sourceTree = BUILT_PRODUCTS_DIR; };
		E63AE69124003CDBA85E8F1D /* Pods-QiDian.release.xcconfig */ = {isa = PBXFileReference; includeInIndex = 1; lastKnownFileType = text.xcconfig; name = "Pods-QiDian.release.xcconfig"; path = "Target Support Files/Pods-QiDian/Pods-QiDian.release.xcconfig"; sourceTree = "<group>"; };
/* End PBXFileReference section */

/* Begin PBXFrameworksBuildPhase section */
		8378BDF12505E25D0060479D /* Frameworks */ = {
			isa = PBXFrameworksBuildPhase;
			buildActionMask = 2147483647;
			files = (
				1915CF298952B115B565F616 /* libPods-QiDian.a in Frameworks */,
			);
			runOnlyForDeploymentPostprocessing = 0;
		};
		8378BE0C2505E2610060479D /* Frameworks */ = {
			isa = PBXFrameworksBuildPhase;
			buildActionMask = 2147483647;
			files = (
			);
			runOnlyForDeploymentPostprocessing = 0;
		};
/* End PBXFrameworksBuildPhase section */

/* Begin PBXGroup section */
		129DEDF69CD15C62B1855A81 /* Pods */ = {
			isa = PBXGroup;
			children = (
				4FDC9531F20A4A49FD0E64EB /* Pods-QiDian.debug.xcconfig */,
				E63AE69124003CDBA85E8F1D /* Pods-QiDian.release.xcconfig */,
			);
			path = Pods;
			sourceTree = "<group>";
		};
		785CDD5B8D803EE624FA7696 /* Frameworks */ = {
			isa = PBXGroup;
			children = (
				CA6B800886098108942EF217 /* libPods-QiDian.a */,
			);
			name = Frameworks;
			sourceTree = "<group>";
		};
		8378BDEB2505E25D0060479D = {
			isa = PBXGroup;
			children = (
				8378BDF62505E25D0060479D /* QiDian */,
				8378BE122505E2610060479D /* QiDianUITests */,
				8378BDF52505E25D0060479D /* Products */,
				129DEDF69CD15C62B1855A81 /* Pods */,
				785CDD5B8D803EE624FA7696 /* Frameworks */,
			);
			sourceTree = "<group>";
		};
		8378BDF52505E25D0060479D /* Products */ = {
			isa = PBXGroup;
			children = (
				8378BDF42505E25D0060479D /* QiDian.app */,
				8378BE0F2505E2610060479D /* QiDianUITests.xctest */,
			);
			name = Products;
			sourceTree = "<group>";
		};
		8378BDF62505E25D0060479D /* QiDian */ = {
			isa = PBXGroup;
			children = (
				83ABFA482507A92500722E4C /* Mine(我的) */,
				83ABFA2525061FCF00722E4C /* Tool(工具) */,
				83ABFA212506083E00722E4C /* Data(数据tab) */,
				83ABFA1D250607D700722E4C /* Home（首页tab） */,
				8378BE25250602550060479D /* PreLoad */,
				8378BE1E2505E3E40060479D /* Tab */,
				8378BDF72505E25D0060479D /* AppDelegate.h */,
				8378BDF82505E25D0060479D /* AppDelegate.m */,
				8378BE032505E2600060479D /* Assets.xcassets */,
				8378BE052505E2600060479D /* LaunchScreen.storyboard */,
				8378BE082505E2600060479D /* Info.plist */,
				8378BE092505E2600060479D /* main.m */,
				83ABFA2A2506253A00722E4C /* QDAppMacro.h */,
			);
			path = QiDian;
			sourceTree = "<group>";
		};
		8378BE122505E2610060479D /* QiDianUITests */ = {
			isa = PBXGroup;
			children = (
				8378BE132505E2610060479D /* QiDianUITests.m */,
				8378BE152505E2610060479D /* Info.plist */,
			);
			path = QiDianUITests;
			sourceTree = "<group>";
		};
		8378BE1E2505E3E40060479D /* Tab */ = {
			isa = PBXGroup;
			children = (
				8378BE1F2505E7340060479D /* QDTabBarViewController.h */,
				8378BE202505E7340060479D /* QDTabBarViewController.m */,
				8378BE222505E7700060479D /* QDTabBarItem.h */,
				8378BE232505E7700060479D /* QDTabBarItem.m */,
			);
			path = Tab;
			sourceTree = "<group>";
		};
		8378BE25250602550060479D /* PreLoad */ = {
			isa = PBXGroup;
			children = (
				8378BE262506029D0060479D /* QDTabBarPreLoad.h */,
				8378BE272506029D0060479D /* QDTabBarPreLoad.m */,
			);
			path = PreLoad;
			sourceTree = "<group>";
		};
		83ABFA1D250607D700722E4C /* Home（首页tab） */ = {
			isa = PBXGroup;
			children = (
				83ABFA4E2508602F00722E4C /* QDHomePageViewController.h */,
				83ABFA4F2508602F00722E4C /* QDHomePageViewController.m */,
				83ABFA502508602F00722E4C /* QDHomePageViewController.xib */,
			);
			path = "Home（首页tab）";
			sourceTree = "<group>";
		};
		83ABFA212506083E00722E4C /* Data(数据tab) */ = {
			isa = PBXGroup;
			children = (
				83ABFA2B2506295C00722E4C /* View */,
				83ABFA222506089700722E4C /* QDDataViewController.h */,
				83ABFA232506089700722E4C /* QDDataViewController.m */,
			);
			path = "Data(数据tab)";
			sourceTree = "<group>";
		};
		83ABFA2525061FCF00722E4C /* Tool(工具) */ = {
			isa = PBXGroup;
			children = (
				83ABFA3A2506765E00722E4C /* FTKMethodSwizzle.h */,
				83ABFA3B2506765E00722E4C /* FTKMethodSwizzle.m */,
				83ABFA262506208300722E4C /* UIColor+RGB.h */,
				83ABFA272506208300722E4C /* UIColor+RGB.m */,
				83ABFA372506758400722E4C /* UIButton+QDExtand.h */,
				83ABFA382506758400722E4C /* UIButton+QDExtand.m */,
			);
			path = "Tool(工具)";
			sourceTree = "<group>";
		};
		83ABFA2B2506295C00722E4C /* View */ = {
			isa = PBXGroup;
			children = (
				83ABFA2C2506299300722E4C /* QDDataTableHeaderView.h */,
				83ABFA2D2506299300722E4C /* QDDataTableHeaderView.m */,
				83ABFA3425066DDA00722E4C /* QDDataTongJiView.h */,
				83ABFA3525066DDA00722E4C /* QDDataTongJiView.m */,
				83ABFA402507799900722E4C /* QDDataTableViewCell.h */,
				83ABFA412507799900722E4C /* QDDataTableViewCell.m */,
				83ABFA422507799900722E4C /* QDDataTableViewCell.xib */,
				83ABFA452507851600722E4C /* QDKaoHeHeaderView.h */,
				83ABFA462507851600722E4C /* QDKaoHeHeaderView.m */,
			);
			path = View;
			sourceTree = "<group>";
		};
		83ABFA482507A92500722E4C /* Mine(我的) */ = {
			isa = PBXGroup;
			children = (
				83ABFA492507A96200722E4C /* QDMineViewController.h */,
				83ABFA4A2507A96200722E4C /* QDMineViewController.m */,
				83ABFA4B2507A96200722E4C /* QDMineViewController.xib */,
			);
			path = "Mine(我的)";
			sourceTree = "<group>";
		};
/* End PBXGroup section */

/* Begin PBXNativeTarget section */
		8378BDF32505E25D0060479D /* QiDian */ = {
			isa = PBXNativeTarget;
			buildConfigurationList = 8378BE182505E2610060479D /* Build configuration list for PBXNativeTarget "QiDian" */;
			buildPhases = (
				125F920906652049AF79DC9A /* [CP] Check Pods Manifest.lock */,
				8378BDF02505E25D0060479D /* Sources */,
				8378BDF12505E25D0060479D /* Frameworks */,
				8378BDF22505E25D0060479D /* Resources */,
				5F7304CDF8A41F496016D379 /* [CP] Copy Pods Resources */,
			);
			buildRules = (
			);
			dependencies = (
			);
			name = QiDian;
			productName = QiDian;
			productReference = 8378BDF42505E25D0060479D /* QiDian.app */;
			productType = "com.apple.product-type.application";
		};
		8378BE0E2505E2610060479D /* QiDianUITests */ = {
			isa = PBXNativeTarget;
			buildConfigurationList = 8378BE1B2505E2610060479D /* Build configuration list for PBXNativeTarget "QiDianUITests" */;
			buildPhases = (
				8378BE0B2505E2610060479D /* Sources */,
				8378BE0C2505E2610060479D /* Frameworks */,
				8378BE0D2505E2610060479D /* Resources */,
			);
			buildRules = (
			);
			dependencies = (
				8378BE112505E2610060479D /* PBXTargetDependency */,
			);
			name = QiDianUITests;
			productName = QiDianUITests;
			productReference = 8378BE0F2505E2610060479D /* QiDianUITests.xctest */;
			productType = "com.apple.product-type.bundle.ui-testing";
		};
/* End PBXNativeTarget section */

/* Begin PBXProject section */
		8378BDEC2505E25D0060479D /* Project object */ = {
			isa = PBXProject;
			attributes = {
				LastUpgradeCheck = 1170;
				ORGANIZATIONNAME = "Henan Sanliuba Network Technology Co., Ltd.";
				TargetAttributes = {
					8378BDF32505E25D0060479D = {
						CreatedOnToolsVersion = 11.7;
					};
					8378BE0E2505E2610060479D = {
						CreatedOnToolsVersion = 11.7;
						TestTargetID = 8378BDF32505E25D0060479D;
					};
				};
			};
			buildConfigurationList = 8378BDEF2505E25D0060479D /* Build configuration list for PBXProject "QiDian" */;
			compatibilityVersion = "Xcode 9.3";
			developmentRegion = en;
			hasScannedForEncodings = 0;
			knownRegions = (
				en,
				Base,
			);
			mainGroup = 8378BDEB2505E25D0060479D;
			productRefGroup = 8378BDF52505E25D0060479D /* Products */;
			projectDirPath = "";
			projectRoot = "";
			targets = (
				8378BDF32505E25D0060479D /* QiDian */,
				8378BE0E2505E2610060479D /* QiDianUITests */,
			);
		};
/* End PBXProject section */

/* Begin PBXResourcesBuildPhase section */
		8378BDF22505E25D0060479D /* Resources */ = {
			isa = PBXResourcesBuildPhase;
			buildActionMask = 2147483647;
			files = (
				8378BE072505E2600060479D /* LaunchScreen.storyboard in Resources */,
				8378BE042505E2600060479D /* Assets.xcassets in Resources */,
				83ABFA522508602F00722E4C /* QDHomePageViewController.xib in Resources */,
				83ABFA4D2507A96200722E4C /* QDMineViewController.xib in Resources */,
				83ABFA442507799900722E4C /* QDDataTableViewCell.xib in Resources */,
			);
			runOnlyForDeploymentPostprocessing = 0;
		};
		8378BE0D2505E2610060479D /* Resources */ = {
			isa = PBXResourcesBuildPhase;
			buildActionMask = 2147483647;
			files = (
			);
			runOnlyForDeploymentPostprocessing = 0;
		};
/* End PBXResourcesBuildPhase section */

/* Begin PBXShellScriptBuildPhase section */
		125F920906652049AF79DC9A /* [CP] Check Pods Manifest.lock */ = {
			isa = PBXShellScriptBuildPhase;
			buildActionMask = 2147483647;
			files = (
			);
			inputFileListPaths = (
			);
			inputPaths = (
				"${PODS_PODFILE_DIR_PATH}/Podfile.lock",
				"${PODS_ROOT}/Manifest.lock",
			);
			name = "[CP] Check Pods Manifest.lock";
			outputFileListPaths = (
			);
			outputPaths = (
				"$(DERIVED_FILE_DIR)/Pods-QiDian-checkManifestLockResult.txt",
			);
			runOnlyForDeploymentPostprocessing = 0;
			shellPath = /bin/sh;
			shellScript = "diff \"${PODS_PODFILE_DIR_PATH}/Podfile.lock\" \"${PODS_ROOT}/Manifest.lock\" > /dev/null\nif [ $? != 0 ] ; then\n    # print error to STDERR\n    echo \"error: The sandbox is not in sync with the Podfile.lock. Run 'pod install' or update your CocoaPods installation.\" >&2\n    exit 1\nfi\n# This output is used by Xcode 'outputs' to avoid re-running this script phase.\necho \"SUCCESS\" > \"${SCRIPT_OUTPUT_FILE_0}\"\n";
			showEnvVarsInLog = 0;
		};
		5F7304CDF8A41F496016D379 /* [CP] Copy Pods Resources */ = {
			isa = PBXShellScriptBuildPhase;
			buildActionMask = 2147483647;
			files = (
			);
			inputFileListPaths = (
				"${PODS_ROOT}/Target Support Files/Pods-QiDian/Pods-QiDian-resources-${CONFIGURATION}-input-files.xcfilelist",
			);
			name = "[CP] Copy Pods Resources";
			outputFileListPaths = (
				"${PODS_ROOT}/Target Support Files/Pods-QiDian/Pods-QiDian-resources-${CONFIGURATION}-output-files.xcfilelist",
			);
			runOnlyForDeploymentPostprocessing = 0;
			shellPath = /bin/sh;
			shellScript = "\"${PODS_ROOT}/Target Support Files/Pods-QiDian/Pods-QiDian-resources.sh\"\n";
			showEnvVarsInLog = 0;
		};
/* End PBXShellScriptBuildPhase section */

/* Begin PBXSourcesBuildPhase section */
		8378BDF02505E25D0060479D /* Sources */ = {
			isa = PBXSourcesBuildPhase;
			buildActionMask = 2147483647;
			files = (
				83ABFA432507799900722E4C /* QDDataTableViewCell.m in Sources */,
				8378BE282506029D0060479D /* QDTabBarPreLoad.m in Sources */,
				83ABFA392506758400722E4C /* UIButton+QDExtand.m in Sources */,
				8378BE242505E7700060479D /* QDTabBarItem.m in Sources */,
				83ABFA282506208300722E4C /* UIColor+RGB.m in Sources */,
				83ABFA512508602F00722E4C /* QDHomePageViewController.m in Sources */,
				83ABFA4C2507A96200722E4C /* QDMineViewController.m in Sources */,
				8378BDF92505E25D0060479D /* AppDelegate.m in Sources */,
				8378BE212505E7340060479D /* QDTabBarViewController.m in Sources */,
				83ABFA3C2506765E00722E4C /* FTKMethodSwizzle.m in Sources */,
				8378BE0A2505E2600060479D /* main.m in Sources */,
				83ABFA472507851600722E4C /* QDKaoHeHeaderView.m in Sources */,
				83ABFA242506089700722E4C /* QDDataViewController.m in Sources */,
				83ABFA3625066DDA00722E4C /* QDDataTongJiView.m in Sources */,
				83ABFA2E2506299300722E4C /* QDDataTableHeaderView.m in Sources */,
			);
			runOnlyForDeploymentPostprocessing = 0;
		};
		8378BE0B2505E2610060479D /* Sources */ = {
			isa = PBXSourcesBuildPhase;
			buildActionMask = 2147483647;
			files = (
				8378BE142505E2610060479D /* QiDianUITests.m in Sources */,
			);
			runOnlyForDeploymentPostprocessing = 0;
		};
/* End PBXSourcesBuildPhase section */

/* Begin PBXTargetDependency section */
		8378BE112505E2610060479D /* PBXTargetDependency */ = {
			isa = PBXTargetDependency;
			target = 8378BDF32505E25D0060479D /* QiDian */;
			targetProxy = 8378BE102505E2610060479D /* PBXContainerItemProxy */;
		};
/* End PBXTargetDependency section */

/* Begin PBXVariantGroup section */
		8378BE052505E2600060479D /* LaunchScreen.storyboard */ = {
			isa = PBXVariantGroup;
			children = (
				8378BE062505E2600060479D /* Base */,
			);
			name = LaunchScreen.storyboard;
			sourceTree = "<group>";
		};
/* End PBXVariantGroup section */

/* Begin XCBuildConfiguration section */
		8378BE162505E2610060479D /* Debug */ = {
			isa = XCBuildConfiguration;
			buildSettings = {
				ALWAYS_SEARCH_USER_PATHS = NO;
				CLANG_ANALYZER_NONNULL = YES;
				CLANG_ANALYZER_NUMBER_OBJECT_CONVERSION = YES_AGGRESSIVE;
				CLANG_CXX_LANGUAGE_STANDARD = "gnu++14";
				CLANG_CXX_LIBRARY = "libc++";
				CLANG_ENABLE_MODULES = YES;
				CLANG_ENABLE_OBJC_ARC = YES;
				CLANG_ENABLE_OBJC_WEAK = YES;
				CLANG_WARN_BLOCK_CAPTURE_AUTORELEASING = YES;
				CLANG_WARN_BOOL_CONVERSION = YES;
				CLANG_WARN_COMMA = YES;
				CLANG_WARN_CONSTANT_CONVERSION = YES;
				CLANG_WARN_DEPRECATED_OBJC_IMPLEMENTATIONS = YES;
				CLANG_WARN_DIRECT_OBJC_ISA_USAGE = YES_ERROR;
				CLANG_WARN_DOCUMENTATION_COMMENTS = YES;
				CLANG_WARN_EMPTY_BODY = YES;
				CLANG_WARN_ENUM_CONVERSION = YES;
				CLANG_WARN_INFINITE_RECURSION = YES;
				CLANG_WARN_INT_CONVERSION = YES;
				CLANG_WARN_NON_LITERAL_NULL_CONVERSION = YES;
				CLANG_WARN_OBJC_IMPLICIT_RETAIN_SELF = YES;
				CLANG_WARN_OBJC_LITERAL_CONVERSION = YES;
				CLANG_WARN_OBJC_ROOT_CLASS = YES_ERROR;
				CLANG_WARN_RANGE_LOOP_ANALYSIS = YES;
				CLANG_WARN_STRICT_PROTOTYPES = YES;
				CLANG_WARN_SUSPICIOUS_MOVE = YES;
				CLANG_WARN_UNGUARDED_AVAILABILITY = YES_AGGRESSIVE;
				CLANG_WARN_UNREACHABLE_CODE = YES;
				CLANG_WARN__DUPLICATE_METHOD_MATCH = YES;
				COPY_PHASE_STRIP = NO;
				DEBUG_INFORMATION_FORMAT = dwarf;
				ENABLE_STRICT_OBJC_MSGSEND = YES;
				ENABLE_TESTABILITY = YES;
				GCC_C_LANGUAGE_STANDARD = gnu11;
				GCC_DYNAMIC_NO_PIC = NO;
				GCC_NO_COMMON_BLOCKS = YES;
				GCC_OPTIMIZATION_LEVEL = 0;
				GCC_PREPROCESSOR_DEFINITIONS = (
					"DEBUG=1",
					"$(inherited)",
				);
				GCC_WARN_64_TO_32_BIT_CONVERSION = YES;
				GCC_WARN_ABOUT_RETURN_TYPE = YES_ERROR;
				GCC_WARN_UNDECLARED_SELECTOR = YES;
				GCC_WARN_UNINITIALIZED_AUTOS = YES_AGGRESSIVE;
				GCC_WARN_UNUSED_FUNCTION = YES;
				GCC_WARN_UNUSED_VARIABLE = YES;
				IPHONEOS_DEPLOYMENT_TARGET = 13.7;
				MTL_ENABLE_DEBUG_INFO = INCLUDE_SOURCE;
				MTL_FAST_MATH = YES;
				ONLY_ACTIVE_ARCH = YES;
				SDKROOT = iphoneos;
			};
			name = Debug;
		};
		8378BE172505E2610060479D /* Release */ = {
			isa = XCBuildConfiguration;
			buildSettings = {
				ALWAYS_SEARCH_USER_PATHS = NO;
				CLANG_ANALYZER_NONNULL = YES;
				CLANG_ANALYZER_NUMBER_OBJECT_CONVERSION = YES_AGGRESSIVE;
				CLANG_CXX_LANGUAGE_STANDARD = "gnu++14";
				CLANG_CXX_LIBRARY = "libc++";
				CLANG_ENABLE_MODULES = YES;
				CLANG_ENABLE_OBJC_ARC = YES;
				CLANG_ENABLE_OBJC_WEAK = YES;
				CLANG_WARN_BLOCK_CAPTURE_AUTORELEASING = YES;
				CLANG_WARN_BOOL_CONVERSION = YES;
				CLANG_WARN_COMMA = YES;
				CLANG_WARN_CONSTANT_CONVERSION = YES;
				CLANG_WARN_DEPRECATED_OBJC_IMPLEMENTATIONS = YES;
				CLANG_WARN_DIRECT_OBJC_ISA_USAGE = YES_ERROR;
				CLANG_WARN_DOCUMENTATION_COMMENTS = YES;
				CLANG_WARN_EMPTY_BODY = YES;
				CLANG_WARN_ENUM_CONVERSION = YES;
				CLANG_WARN_INFINITE_RECURSION = YES;
				CLANG_WARN_INT_CONVERSION = YES;
				CLANG_WARN_NON_LITERAL_NULL_CONVERSION = YES;
				CLANG_WARN_OBJC_IMPLICIT_RETAIN_SELF = YES;
				CLANG_WARN_OBJC_LITERAL_CONVERSION = YES;
				CLANG_WARN_OBJC_ROOT_CLASS = YES_ERROR;
				CLANG_WARN_RANGE_LOOP_ANALYSIS = YES;
				CLANG_WARN_STRICT_PROTOTYPES = YES;
				CLANG_WARN_SUSPICIOUS_MOVE = YES;
				CLANG_WARN_UNGUARDED_AVAILABILITY = YES_AGGRESSIVE;
				CLANG_WARN_UNREACHABLE_CODE = YES;
				CLANG_WARN__DUPLICATE_METHOD_MATCH = YES;
				COPY_PHASE_STRIP = NO;
				DEBUG_INFORMATION_FORMAT = "dwarf-with-dsym";
				ENABLE_NS_ASSERTIONS = NO;
				ENABLE_STRICT_OBJC_MSGSEND = YES;
				GCC_C_LANGUAGE_STANDARD = gnu11;
				GCC_NO_COMMON_BLOCKS = YES;
				GCC_WARN_64_TO_32_BIT_CONVERSION = YES;
				GCC_WARN_ABOUT_RETURN_TYPE = YES_ERROR;
				GCC_WARN_UNDECLARED_SELECTOR = YES;
				GCC_WARN_UNINITIALIZED_AUTOS = YES_AGGRESSIVE;
				GCC_WARN_UNUSED_FUNCTION = YES;
				GCC_WARN_UNUSED_VARIABLE = YES;
				IPHONEOS_DEPLOYMENT_TARGET = 13.7;
				MTL_ENABLE_DEBUG_INFO = NO;
				MTL_FAST_MATH = YES;
				SDKROOT = iphoneos;
				VALIDATE_PRODUCT = YES;
			};
			name = Release;
		};
		8378BE192505E2610060479D /* Debug */ = {
			isa = XCBuildConfiguration;
			baseConfigurationReference = 4FDC9531F20A4A49FD0E64EB /* Pods-QiDian.debug.xcconfig */;
			buildSettings = {
				ASSETCATALOG_COMPILER_APPICON_NAME = AppIcon;
				CODE_SIGN_IDENTITY = "iPhone Developer";
				CODE_SIGN_STYLE = Manual;
				DEVELOPMENT_TEAM = G37MVUBUBB;
				INFOPLIST_FILE = QiDian/Info.plist;
				IPHONEOS_DEPLOYMENT_TARGET = 9.0;
				LD_RUNPATH_SEARCH_PATHS = (
					"$(inherited)",
					"@executable_path/Frameworks",
				);
				PRODUCT_BUNDLE_IDENTIFIER = QiDian;
				PRODUCT_NAME = "$(TARGET_NAME)";
				PROVISIONING_PROFILE_SPECIFIER = "match Development com.sanliuba.QiDian";
				TARGETED_DEVICE_FAMILY = 1;
				USER_HEADER_SEARCH_PATHS = "$(inherited)";
			};
			name = Debug;
		};
		8378BE1A2505E2610060479D /* Release */ = {
			isa = XCBuildConfiguration;
			baseConfigurationReference = E63AE69124003CDBA85E8F1D /* Pods-QiDian.release.xcconfig */;
			buildSettings = {
				ASSETCATALOG_COMPILER_APPICON_NAME = AppIcon;
				CODE_SIGN_IDENTITY = "iPhone Developer";
				CODE_SIGN_STYLE = Manual;
				DEVELOPMENT_TEAM = G37MVUBUBB;
				INFOPLIST_FILE = QiDian/Info.plist;
				IPHONEOS_DEPLOYMENT_TARGET = 9.0;
				LD_RUNPATH_SEARCH_PATHS = (
					"$(inherited)",
					"@executable_path/Frameworks",
				);
				PRODUCT_BUNDLE_IDENTIFIER = QiDian;
				PRODUCT_NAME = "$(TARGET_NAME)";
				PROVISIONING_PROFILE_SPECIFIER = "match Development com.sanliuba.QiDian";
				TARGETED_DEVICE_FAMILY = 1;
				USER_HEADER_SEARCH_PATHS = "$(inherited)";
			};
			name = Release;
		};
		8378BE1C2505E2610060479D /* Debug */ = {
			isa = XCBuildConfiguration;
			buildSettings = {
				CODE_SIGN_STYLE = Automatic;
				DEVELOPMENT_TEAM = G37MVUBUBB;
				INFOPLIST_FILE = QiDianUITests/Info.plist;
				LD_RUNPATH_SEARCH_PATHS = (
					"$(inherited)",
					"@executable_path/Frameworks",
					"@loader_path/Frameworks",
				);
				PRODUCT_BUNDLE_IDENTIFIER = com.sanliuba.QiDianUITests;
				PRODUCT_NAME = "$(TARGET_NAME)";
				TARGETED_DEVICE_FAMILY = "1,2";
				TEST_TARGET_NAME = QiDian;
			};
			name = Debug;
		};
		8378BE1D2505E2610060479D /* Release */ = {
			isa = XCBuildConfiguration;
			buildSettings = {
				CODE_SIGN_STYLE = Automatic;
				DEVELOPMENT_TEAM = G37MVUBUBB;
				INFOPLIST_FILE = QiDianUITests/Info.plist;
				LD_RUNPATH_SEARCH_PATHS = (
					"$(inherited)",
					"@executable_path/Frameworks",
					"@loader_path/Frameworks",
				);
				PRODUCT_BUNDLE_IDENTIFIER = com.sanliuba.QiDianUITests;
				PRODUCT_NAME = "$(TARGET_NAME)";
				TARGETED_DEVICE_FAMILY = "1,2";
				TEST_TARGET_NAME = QiDian;
			};
			name = Release;
		};
/* End XCBuildConfiguration section */

/* Begin XCConfigurationList section */
		8378BDEF2505E25D0060479D /* Build configuration list for PBXProject "QiDian" */ = {
			isa = XCConfigurationList;
			buildConfigurations = (
				8378BE162505E2610060479D /* Debug */,
				8378BE172505E2610060479D /* Release */,
			);
			defaultConfigurationIsVisible = 0;
			defaultConfigurationName = Release;
		};
		8378BE182505E2610060479D /* Build configuration list for PBXNativeTarget "QiDian" */ = {
			isa = XCConfigurationList;
			buildConfigurations = (
				8378BE192505E2610060479D /* Debug */,
				8378BE1A2505E2610060479D /* Release */,
			);
			defaultConfigurationIsVisible = 0;
			defaultConfigurationName = Release;
		};
		8378BE1B2505E2610060479D /* Build configuration list for PBXNativeTarget "QiDianUITests" */ = {
			isa = XCConfigurationList;
			buildConfigurations = (
				8378BE1C2505E2610060479D /* Debug */,
				8378BE1D2505E2610060479D /* Release */,
			);
			defaultConfigurationIsVisible = 0;
			defaultConfigurationName = Release;
		};
/* End XCConfigurationList section */
	};
	rootObject = 8378BDEC2505E25D0060479D /* Project object */;
}
